// !$*UTF8*$!
{
	archiveVersion = 1;
	classes = {
	};
	objectVersion = 55;
	objects = {

/* Begin PBXBuildFile section */
		E37A7327273E781F00C91140 /* shop.swift in Sources */ = {isa = PBXBuildFile; fileRef = E37A7326273E781F00C91140 /* shop.swift */; };
		E3D7CF6A273E1EB600CCC8F6 /* AppDelegate.swift in Sources */ = {isa = PBXBuildFile; fileRef = E3D7CF69273E1EB600CCC8F6 /* AppDelegate.swift */; };
		E3D7CF6C273E1EB600CCC8F6 /* SceneDelegate.swift in Sources */ = {isa = PBXBuildFile; fileRef = E3D7CF6B273E1EB600CCC8F6 /* SceneDelegate.swift */; };
		E3D7CF6E273E1EB600CCC8F6 /* ViewController.swift in Sources */ = {isa = PBXBuildFile; fileRef = E3D7CF6D273E1EB600CCC8F6 /* ViewController.swift */; };
		E3D7CF71273E1EB600CCC8F6 /* Main.storyboard in Resources */ = {isa = PBXBuildFile; fileRef = E3D7CF6F273E1EB600CCC8F6 /* Main.storyboard */; };
		E3D7CF73273E1EB800CCC8F6 /* Assets.xcassets in Resources */ = {isa = PBXBuildFile; fileRef = E3D7CF72273E1EB800CCC8F6 /* Assets.xcassets */; };
		E3D7CF76273E1EB800CCC8F6 /* LaunchScreen.storyboard in Resources */ = {isa = PBXBuildFile; fileRef = E3D7CF74273E1EB800CCC8F6 /* LaunchScreen.storyboard */; };
		E3D7CF81273E1EB800CCC8F6 /* GridAndListToogleTests.swift in Sources */ = {isa = PBXBuildFile; fileRef = E3D7CF80273E1EB800CCC8F6 /* GridAndListToogleTests.swift */; };
		E3D7CF8B273E1EB800CCC8F6 /* GridAndListToogleUITests.swift in Sources */ = {isa = PBXBuildFile; fileRef = E3D7CF8A273E1EB800CCC8F6 /* GridAndListToogleUITests.swift */; };
		E3D7CF8D273E1EB800CCC8F6 /* GridAndListToogleUITestsLaunchTests.swift in Sources */ = {isa = PBXBuildFile; fileRef = E3D7CF8C273E1EB800CCC8F6 /* GridAndListToogleUITestsLaunchTests.swift */; };
		E3D7CF9A273E238700CCC8F6 /* ListViewCell.swift in Sources */ = {isa = PBXBuildFile; fileRef = E3D7CF99273E238700CCC8F6 /* ListViewCell.swift */; };
		E3D7CF9C273E23A000CCC8F6 /* GridViewCell.swift in Sources */ = {isa = PBXBuildFile; fileRef = E3D7CF9B273E23A000CCC8F6 /* GridViewCell.swift */; };
		E3D7CF9E273E246900CCC8F6 /* ContainerViewController.swift in Sources */ = {isa = PBXBuildFile; fileRef = E3D7CF9D273E246900CCC8F6 /* ContainerViewController.swift */; };
		E3D7CFA0273E248C00CCC8F6 /* GridViewController.swift in Sources */ = {isa = PBXBuildFile; fileRef = E3D7CF9F273E248C00CCC8F6 /* GridViewController.swift */; };
		E3D7CFA2273E249A00CCC8F6 /* ListViewController.swift in Sources */ = {isa = PBXBuildFile; fileRef = E3D7CFA1273E249A00CCC8F6 /* ListViewController.swift */; };
/* End PBXBuildFile section */

/* Begin PBXContainerItemProxy section */
		E3D7CF7D273E1EB800CCC8F6 /* PBXContainerItemProxy */ = {
			isa = PBXContainerItemProxy;
			containerPortal = E3D7CF5E273E1EB600CCC8F6 /* Project object */;
			proxyType = 1;
			remoteGlobalIDString = E3D7CF65273E1EB600CCC8F6;
			remoteInfo = GridAndListToogle;
		};
		E3D7CF87273E1EB800CCC8F6 /* PBXContainerItemProxy */ = {
			isa = PBXContainerItemProxy;
			containerPortal = E3D7CF5E273E1EB600CCC8F6 /* Project object */;
			proxyType = 1;
			remoteGlobalIDString = E3D7CF65273E1EB600CCC8F6;
			remoteInfo = GridAndListToogle;
		};
/* End PBXContainerItemProxy section */

/* Begin PBXFileReference section */
		E37A7326273E781F00C91140 /* shop.swift */ = {isa = PBXFileReference; lastKnownFileType = sourcecode.swift; path = shop.swift; sourceTree = "<group>"; };
		E3D7CF66273E1EB600CCC8F6 /* GridAndListToogle.app */ = {isa = PBXFileReference; explicitFileType = wrapper.application; includeInIndex = 0; path = GridAndListToogle.app; sourceTree = BUILT_PRODUCTS_DIR; };
		E3D7CF69273E1EB600CCC8F6 /* AppDelegate.swift */ = {isa = PBXFileReference; lastKnownFileType = sourcecode.swift; path = AppDelegate.swift; sourceTree = "<group>"; };
		E3D7CF6B273E1EB600CCC8F6 /* SceneDelegate.swift */ = {isa = PBXFileReference; lastKnownFileType = sourcecode.swift; path = SceneDelegate.swift; sourceTree = "<group>"; };
		E3D7CF6D273E1EB600CCC8F6 /* ViewController.swift */ = {isa = PBXFileReference; lastKnownFileType = sourcecode.swift; path = ViewController.swift; sourceTree = "<group>"; };
		E3D7CF70273E1EB600CCC8F6 /* Base */ = {isa = PBXFileReference; lastKnownFileType = file.storyboard; name = Base; path = Base.lproj/Main.storyboard; sourceTree = "<group>"; };
		E3D7CF72273E1EB800CCC8F6 /* Assets.xcassets */ = {isa = PBXFileReference; lastKnownFileType = folder.assetcatalog; path = Assets.xcassets; sourceTree = "<group>"; };
		E3D7CF75273E1EB800CCC8F6 /* Base */ = {isa = PBXFileReference; lastKnownFileType = file.storyboard; name = Base; path = Base.lproj/LaunchScreen.storyboard; sourceTree = "<group>"; };
		E3D7CF77273E1EB800CCC8F6 /* Info.plist */ = {isa = PBXFileReference; lastKnownFileType = text.plist.xml; path = Info.plist; sourceTree = "<group>"; };
		E3D7CF7C273E1EB800CCC8F6 /* GridAndListToogleTests.xctest */ = {isa = PBXFileReference; explicitFileType = wrapper.cfbundle; includeInIndex = 0; path = GridAndListToogleTests.xctest; sourceTree = BUILT_PRODUCTS_DIR; };
		E3D7CF80273E1EB800CCC8F6 /* GridAndListToogleTests.swift */ = {isa = PBXFileReference; lastKnownFileType = sourcecode.swift; path = GridAndListToogleTests.swift; sourceTree = "<group>"; };
		E3D7CF86273E1EB800CCC8F6 /* GridAndListToogleUITests.xctest */ = {isa = PBXFileReference; explicitFileType = wrapper.cfbundle; includeInIndex = 0; path = GridAndListToogleUITests.xctest; sourceTree = BUILT_PRODUCTS_DIR; };
		E3D7CF8A273E1EB800CCC8F6 /* GridAndListToogleUITests.swift */ = {isa = PBXFileReference; lastKnownFileType = sourcecode.swift; path = GridAndListToogleUITests.swift; sourceTree = "<group>"; };
		E3D7CF8C273E1EB800CCC8F6 /* GridAndListToogleUITestsLaunchTests.swift */ = {isa = PBXFileReference; lastKnownFileType = sourcecode.swift; path = GridAndListToogleUITestsLaunchTests.swift; sourceTree = "<group>"; };
		E3D7CF99273E238700CCC8F6 /* ListViewCell.swift */ = {isa = PBXFileReference; lastKnownFileType = sourcecode.swift; path = ListViewCell.swift; sourceTree = "<group>"; };
		E3D7CF9B273E23A000CCC8F6 /* GridViewCell.swift */ = {isa = PBXFileReference; lastKnownFileType = sourcecode.swift; path = GridViewCell.swift; sourceTree = "<group>"; };
		E3D7CF9D273E246900CCC8F6 /* ContainerViewController.swift */ = {isa = PBXFileReference; lastKnownFileType = sourcecode.swift; path = ContainerViewController.swift; sourceTree = "<group>"; };
		E3D7CF9F273E248C00CCC8F6 /* GridViewController.swift */ = {isa = PBXFileReference; lastKnownFileType = sourcecode.swift; path = GridViewController.swift; sourceTree = "<group>"; };
		E3D7CFA1273E249A00CCC8F6 /* ListViewController.swift */ = {isa = PBXFileReference; lastKnownFileType = sourcecode.swift; path = ListViewController.swift; sourceTree = "<group>"; };
/* End PBXFileReference section */

/* Begin PBXFrameworksBuildPhase section */
		E3D7CF63273E1EB600CCC8F6 /* Frameworks */ = {
			isa = PBXFrameworksBuildPhase;
			buildActionMask = 2147483647;
			files = (
			);
			runOnlyForDeploymentPostprocessing = 0;
		};
		E3D7CF79273E1EB800CCC8F6 /* Frameworks */ = {
			isa = PBXFrameworksBuildPhase;
			buildActionMask = 2147483647;
			files = (
			);
			runOnlyForDeploymentPostprocessing = 0;
		};
		E3D7CF83273E1EB800CCC8F6 /* Frameworks */ = {
			isa = PBXFrameworksBuildPhase;
			buildActionMask = 2147483647;
			files = (
			);
			runOnlyForDeploymentPostprocessing = 0;
		};
/* End PBXFrameworksBuildPhase section */

/* Begin PBXGroup section */
		E3D7CF5D273E1EB600CCC8F6 = {
			isa = PBXGroup;
			children = (
				E3D7CF68273E1EB600CCC8F6 /* GridAndListToogle */,
				E3D7CF7F273E1EB800CCC8F6 /* GridAndListToogleTests */,
				E3D7CF89273E1EB800CCC8F6 /* GridAndListToogleUITests */,
				E3D7CF67273E1EB600CCC8F6 /* Products */,
			);
			sourceTree = "<group>";
		};
		E3D7CF67273E1EB600CCC8F6 /* Products */ = {
			isa = PBXGroup;
			children = (
				E3D7CF66273E1EB600CCC8F6 /* GridAndListToogle.app */,
				E3D7CF7C273E1EB800CCC8F6 /* GridAndListToogleTests.xctest */,
				E3D7CF86273E1EB800CCC8F6 /* GridAndListToogleUITests.xctest */,
			);
			name = Products;
			sourceTree = "<group>";
		};
		E3D7CF68273E1EB600CCC8F6 /* GridAndListToogle */ = {
			isa = PBXGroup;
			children = (
				E3D7CF69273E1EB600CCC8F6 /* AppDelegate.swift */,
				E3D7CF6B273E1EB600CCC8F6 /* SceneDelegate.swift */,
				E3D7CF6D273E1EB600CCC8F6 /* ViewController.swift */,
				E3D7CF6F273E1EB600CCC8F6 /* Main.storyboard */,
				E3D7CF9D273E246900CCC8F6 /* ContainerViewController.swift */,
				E3D7CF9F273E248C00CCC8F6 /* GridViewController.swift */,
				E3D7CFA1273E249A00CCC8F6 /* ListViewController.swift */,
				E37A7326273E781F00C91140 /* shop.swift */,
				E3D7CF9B273E23A000CCC8F6 /* GridViewCell.swift */,
				E3D7CF99273E238700CCC8F6 /* ListViewCell.swift */,
				E3D7CF72273E1EB800CCC8F6 /* Assets.xcassets */,
				E3D7CF74273E1EB800CCC8F6 /* LaunchScreen.storyboard */,
				E3D7CF77273E1EB800CCC8F6 /* Info.plist */,
			);
			path = GridAndListToogle;
			sourceTree = "<group>";
		};
		E3D7CF7F273E1EB800CCC8F6 /* GridAndListToogleTests */ = {
			isa = PBXGroup;
			children = (
				E3D7CF80273E1EB800CCC8F6 /* GridAndListToogleTests.swift */,
			);
			path = GridAndListToogleTests;
			sourceTree = "<group>";
		};
		E3D7CF89273E1EB800CCC8F6 /* GridAndListToogleUITests */ = {
			isa = PBXGroup;
			children = (
				E3D7CF8A273E1EB800CCC8F6 /* GridAndListToogleUITests.swift */,
				E3D7CF8C273E1EB800CCC8F6 /* GridAndListToogleUITestsLaunchTests.swift */,
			);
			path = GridAndListToogleUITests;
			sourceTree = "<group>";
		};
/* End PBXGroup section */

/* Begin PBXNativeTarget section */
		E3D7CF65273E1EB600CCC8F6 /* GridAndListToogle */ = {
			isa = PBXNativeTarget;
			buildConfigurationList = E3D7CF90273E1EB800CCC8F6 /* Build configuration list for PBXNativeTarget "GridAndListToogle" */;
			buildPhases = (
				E3D7CF62273E1EB600CCC8F6 /* Sources */,
				E3D7CF63273E1EB600CCC8F6 /* Frameworks */,
				E3D7CF64273E1EB600CCC8F6 /* Resources */,
			);
			buildRules = (
			);
			dependencies = (
			);
			name = GridAndListToogle;
			productName = GridAndListToogle;
			productReference = E3D7CF66273E1EB600CCC8F6 /* GridAndListToogle.app */;
			productType = "com.apple.product-type.application";
		};
		E3D7CF7B273E1EB800CCC8F6 /* GridAndListToogleTests */ = {
			isa = PBXNativeTarget;
			buildConfigurationList = E3D7CF93273E1EB800CCC8F6 /* Build configuration list for PBXNativeTarget "GridAndListToogleTests" */;
			buildPhases = (
				E3D7CF78273E1EB800CCC8F6 /* Sources */,
				E3D7CF79273E1EB800CCC8F6 /* Frameworks */,
				E3D7CF7A273E1EB800CCC8F6 /* Resources */,
			);
			buildRules = (
			);
			dependencies = (
				E3D7CF7E273E1EB800CCC8F6 /* PBXTargetDependency */,
			);
			name = GridAndListToogleTests;
			productName = GridAndListToogleTests;
			productReference = E3D7CF7C273E1EB800CCC8F6 /* GridAndListToogleTests.xctest */;
			productType = "com.apple.product-type.bundle.unit-test";
		};
		E3D7CF85273E1EB800CCC8F6 /* GridAndListToogleUITests */ = {
			isa = PBXNativeTarget;
			buildConfigurationList = E3D7CF96273E1EB800CCC8F6 /* Build configuration list for PBXNativeTarget "GridAndListToogleUITests" */;
			buildPhases = (
				E3D7CF82273E1EB800CCC8F6 /* Sources */,
				E3D7CF83273E1EB800CCC8F6 /* Frameworks */,
				E3D7CF84273E1EB800CCC8F6 /* Resources */,
			);
			buildRules = (
			);
			dependencies = (
				E3D7CF88273E1EB800CCC8F6 /* PBXTargetDependency */,
			);
			name = GridAndListToogleUITests;
			productName = GridAndListToogleUITests;
			productReference = E3D7CF86273E1EB800CCC8F6 /* GridAndListToogleUITests.xctest */;
			productType = "com.apple.product-type.bundle.ui-testing";
		};
/* End PBXNativeTarget section */

/* Begin PBXProject section */
		E3D7CF5E273E1EB600CCC8F6 /* Project object */ = {
			isa = PBXProject;
			attributes = {
				BuildIndependentTargetsInParallel = 1;
				LastSwiftUpdateCheck = 1310;
				LastUpgradeCheck = 1310;
				TargetAttributes = {
					E3D7CF65273E1EB600CCC8F6 = {
						CreatedOnToolsVersion = 13.1;
					};
					E3D7CF7B273E1EB800CCC8F6 = {
						CreatedOnToolsVersion = 13.1;
						TestTargetID = E3D7CF65273E1EB600CCC8F6;
					};
					E3D7CF85273E1EB800CCC8F6 = {
						CreatedOnToolsVersion = 13.1;
						TestTargetID = E3D7CF65273E1EB600CCC8F6;
					};
				};
			};
			buildConfigurationList = E3D7CF61273E1EB600CCC8F6 /* Build configuration list for PBXProject "GridAndListToogle" */;
			compatibilityVersion = "Xcode 13.0";
			developmentRegion = en;
			hasScannedForEncodings = 0;
			knownRegions = (
				en,
				Base,
			);
			mainGroup = E3D7CF5D273E1EB600CCC8F6;
			productRefGroup = E3D7CF67273E1EB600CCC8F6 /* Products */;
			projectDirPath = "";
			projectRoot = "";
			targets = (
				E3D7CF65273E1EB600CCC8F6 /* GridAndListToogle */,
				E3D7CF7B273E1EB800CCC8F6 /* GridAndListToogleTests */,
				E3D7CF85273E1EB800CCC8F6 /* GridAndListToogleUITests */,
			);
		};
/* End PBXProject section */

/* Begin PBXResourcesBuildPhase section */
		E3D7CF64273E1EB600CCC8F6 /* Resources */ = {
			isa = PBXResourcesBuildPhase;
			buildActionMask = 2147483647;
			files = (
				E3D7CF76273E1EB800CCC8F6 /* LaunchScreen.storyboard in Resources */,
				E3D7CF73273E1EB800CCC8F6 /* Assets.xcassets in Resources */,
				E3D7CF71273E1EB600CCC8F6 /* Main.storyboard in Resources */,
			);
			runOnlyForDeploymentPostprocessing = 0;
		};
		E3D7CF7A273E1EB800CCC8F6 /* Resources */ = {
			isa = PBXResourcesBuildPhase;
			buildActionMask = 2147483647;
			files = (
			);
			runOnlyForDeploymentPostprocessing = 0;
		};
		E3D7CF84273E1EB800CCC8F6 /* Resources */ = {
			isa = PBXResourcesBuildPhase;
			buildActionMask = 2147483647;
			files = (
			);
			runOnlyForDeploymentPostprocessing = 0;
		};
/* End PBXResourcesBuildPhase section */

/* Begin PBXSourcesBuildPhase section */
		E3D7CF62273E1EB600CCC8F6 /* Sources */ = {
			isa = PBXSourcesBuildPhase;
			buildActionMask = 2147483647;
			files = (
				E3D7CF9A273E238700CCC8F6 /* ListViewCell.swift in Sources */,
				E3D7CF9E273E246900CCC8F6 /* ContainerViewController.swift in Sources */,
				E3D7CF9C273E23A000CCC8F6 /* GridViewCell.swift in Sources */,
				E3D7CFA0273E248C00CCC8F6 /* GridViewController.swift in Sources */,
				E3D7CF6E273E1EB600CCC8F6 /* ViewController.swift in Sources */,
				E3D7CF6A273E1EB600CCC8F6 /* AppDelegate.swift in Sources */,
				E37A7327273E781F00C91140 /* shop.swift in Sources */,
				E3D7CFA2273E249A00CCC8F6 /* ListViewController.swift in Sources */,
				E3D7CF6C273E1EB600CCC8F6 /* SceneDelegate.swift in Sources */,
			);
			runOnlyForDeploymentPostprocessing = 0;
		};
		E3D7CF78273E1EB800CCC8F6 /* Sources */ = {
			isa = PBXSourcesBuildPhase;
			buildActionMask = 2147483647;
			files = (
				E3D7CF81273E1EB800CCC8F6 /* GridAndListToogleTests.swift in Sources */,
			);
			runOnlyForDeploymentPostprocessing = 0;
		};
		E3D7CF82273E1EB800CCC8F6 /* Sources */ = {
			isa = PBXSourcesBuildPhase;
			buildActionMask = 2147483647;
			files = (
				E3D7CF8D273E1EB800CCC8F6 /* GridAndListToogleUITestsLaunchTests.swift in Sources */,
				E3D7CF8B273E1EB800CCC8F6 /* GridAndListToogleUITests.swift in Sources */,
			);
			runOnlyForDeploymentPostprocessing = 0;
		};
/* End PBXSourcesBuildPhase section */

/* Begin PBXTargetDependency section */
		E3D7CF7E273E1EB800CCC8F6 /* PBXTargetDependency */ = {
			isa = PBXTargetDependency;
			target = E3D7CF65273E1EB600CCC8F6 /* GridAndListToogle */;
			targetProxy = E3D7CF7D273E1EB800CCC8F6 /* PBXContainerItemProxy */;
		};
		E3D7CF88273E1EB800CCC8F6 /* PBXTargetDependency */ = {
			isa = PBXTargetDependency;
			target = E3D7CF65273E1EB600CCC8F6 /* GridAndListToogle */;
			targetProxy = E3D7CF87273E1EB800CCC8F6 /* PBXContainerItemProxy */;
		};
/* End PBXTargetDependency section */

/* Begin PBXVariantGroup section */
		E3D7CF6F273E1EB600CCC8F6 /* Main.storyboard */ = {
			isa = PBXVariantGroup;
			children = (
				E3D7CF70273E1EB600CCC8F6 /* Base */,
			);
			name = Main.storyboard;
			sourceTree = "<group>";
		};
		E3D7CF74273E1EB800CCC8F6 /* LaunchScreen.storyboard */ = {
			isa = PBXVariantGroup;
			children = (
				E3D7CF75273E1EB800CCC8F6 /* Base */,
			);
			name = LaunchScreen.storyboard;
			sourceTree = "<group>";
		};
/* End PBXVariantGroup section */

/* Begin XCBuildConfiguration section */
		E3D7CF8E273E1EB800CCC8F6 /* Debug */ = {
			isa = XCBuildConfiguration;
			buildSettings = {
				ALWAYS_SEARCH_USER_PATHS = NO;
				CLANG_ANALYZER_NONNULL = YES;
				CLANG_ANALYZER_NUMBER_OBJECT_CONVERSION = YES_AGGRESSIVE;
				CLANG_CXX_LANGUAGE_STANDARD = "gnu++17";
				CLANG_CXX_LIBRARY = "libc++";
				CLANG_ENABLE_MODULES = YES;
				CLANG_ENABLE_OBJC_ARC = YES;
				CLANG_ENABLE_OBJC_WEAK = YES;
				CLANG_WARN_BLOCK_CAPTURE_AUTORELEASING = YES;
				CLANG_WARN_BOOL_CONVERSION = YES;
				CLANG_WARN_COMMA = YES;
				CLANG_WARN_CONSTANT_CONVERSION = YES;
				CLANG_WARN_DEPRECATED_OBJC_IMPLEMENTATIONS = YES;
				CLANG_WARN_DIRECT_OBJC_ISA_USAGE = YES_ERROR;
				CLANG_WARN_DOCUMENTATION_COMMENTS = YES;
				CLANG_WARN_EMPTY_BODY = YES;
				CLANG_WARN_ENUM_CONVERSION = YES;
				CLANG_WARN_INFINITE_RECURSION = YES;
				CLANG_WARN_INT_CONVERSION = YES;
				CLANG_WARN_NON_LITERAL_NULL_CONVERSION = YES;
				CLANG_WARN_OBJC_IMPLICIT_RETAIN_SELF = YES;
				CLANG_WARN_OBJC_LITERAL_CONVERSION = YES;
				CLANG_WARN_OBJC_ROOT_CLASS = YES_ERROR;
				CLANG_WARN_QUOTED_INCLUDE_IN_FRAMEWORK_HEADER = YES;
				CLANG_WARN_RANGE_LOOP_ANALYSIS = YES;
				CLANG_WARN_STRICT_PROTOTYPES = YES;
				CLANG_WARN_SUSPICIOUS_MOVE = YES;
				CLANG_WARN_UNGUARDED_AVAILABILITY = YES_AGGRESSIVE;
				CLANG_WARN_UNREACHABLE_CODE = YES;
				CLANG_WARN__DUPLICATE_METHOD_MATCH = YES;
				COPY_PHASE_STRIP = NO;
				DEBUG_INFORMATION_FORMAT = dwarf;
				ENABLE_STRICT_OBJC_MSGSEND = YES;
				ENABLE_TESTABILITY = YES;
				GCC_C_LANGUAGE_STANDARD = gnu11;
				GCC_DYNAMIC_NO_PIC = NO;
				GCC_NO_COMMON_BLOCKS = YES;
				GCC_OPTIMIZATION_LEVEL = 0;
				GCC_PREPROCESSOR_DEFINITIONS = (
					"DEBUG=1",
					"$(inherited)",
				);
				GCC_WARN_64_TO_32_BIT_CONVERSION = YES;
				GCC_WARN_ABOUT_RETURN_TYPE = YES_ERROR;
				GCC_WARN_UNDECLARED_SELECTOR = YES;
				GCC_WARN_UNINITIALIZED_AUTOS = YES_AGGRESSIVE;
				GCC_WARN_UNUSED_FUNCTION = YES;
				GCC_WARN_UNUSED_VARIABLE = YES;
				IPHONEOS_DEPLOYMENT_TARGET = 15.0;
				MTL_ENABLE_DEBUG_INFO = INCLUDE_SOURCE;
				MTL_FAST_MATH = YES;
				ONLY_ACTIVE_ARCH = YES;
				SDKROOT = iphoneos;
				SWIFT_ACTIVE_COMPILATION_CONDITIONS = DEBUG;
				SWIFT_OPTIMIZATION_LEVEL = "-Onone";
			};
			name = Debug;
		};
		E3D7CF8F273E1EB800CCC8F6 /* Release */ = {
			isa = XCBuildConfiguration;
			buildSettings = {
				ALWAYS_SEARCH_USER_PATHS = NO;
				CLANG_ANALYZER_NONNULL = YES;
				CLANG_ANALYZER_NUMBER_OBJECT_CONVERSION = YES_AGGRESSIVE;
				CLANG_CXX_LANGUAGE_STANDARD = "gnu++17";
				CLANG_CXX_LIBRARY = "libc++";
				CLANG_ENABLE_MODULES = YES;
				CLANG_ENABLE_OBJC_ARC = YES;
				CLANG_ENABLE_OBJC_WEAK = YES;
				CLANG_WARN_BLOCK_CAPTURE_AUTORELEASING = YES;
				CLANG_WARN_BOOL_CONVERSION = YES;
				CLANG_WARN_COMMA = YES;
				CLANG_WARN_CONSTANT_CONVERSION = YES;
				CLANG_WARN_DEPRECATED_OBJC_IMPLEMENTATIONS = YES;
				CLANG_WARN_DIRECT_OBJC_ISA_USAGE = YES_ERROR;
				CLANG_WARN_DOCUMENTATION_COMMENTS = YES;
				CLANG_WARN_EMPTY_BODY = YES;
				CLANG_WARN_ENUM_CONVERSION = YES;
				CLANG_WARN_INFINITE_RECURSION = YES;
				CLANG_WARN_INT_CONVERSION = YES;
				CLANG_WARN_NON_LITERAL_NULL_CONVERSION = YES;
				CLANG_WARN_OBJC_IMPLICIT_RETAIN_SELF = YES;
				CLANG_WARN_OBJC_LITERAL_CONVERSION = YES;
				CLANG_WARN_OBJC_ROOT_CLASS = YES_ERROR;
				CLANG_WARN_QUOTED_INCLUDE_IN_FRAMEWORK_HEADER = YES;
				CLANG_WARN_RANGE_LOOP_ANALYSIS = YES;
				CLANG_WARN_STRICT_PROTOTYPES = YES;
				CLANG_WARN_SUSPICIOUS_MOVE = YES;
				CLANG_WARN_UNGUARDED_AVAILABILITY = YES_AGGRESSIVE;
				CLANG_WARN_UNREACHABLE_CODE = YES;
				CLANG_WARN__DUPLICATE_METHOD_MATCH = YES;
				COPY_PHASE_STRIP = NO;
				DEBUG_INFORMATION_FORMAT = "dwarf-with-dsym";
				ENABLE_NS_ASSERTIONS = NO;
				ENABLE_STRICT_OBJC_MSGSEND = YES;
				GCC_C_LANGUAGE_STANDARD = gnu11;
				GCC_NO_COMMON_BLOCKS = YES;
				GCC_WARN_64_TO_32_BIT_CONVERSION = YES;
				GCC_WARN_ABOUT_RETURN_TYPE = YES_ERROR;
				GCC_WARN_UNDECLARED_SELECTOR = YES;
				GCC_WARN_UNINITIALIZED_AUTOS = YES_AGGRESSIVE;
				GCC_WARN_UNUSED_FUNCTION = YES;
				GCC_WARN_UNUSED_VARIABLE = YES;
				IPHONEOS_DEPLOYMENT_TARGET = 15.0;
				MTL_ENABLE_DEBUG_INFO = NO;
				MTL_FAST_MATH = YES;
				SDKROOT = iphoneos;
				SWIFT_COMPILATION_MODE = wholemodule;
				SWIFT_OPTIMIZATION_LEVEL = "-O";
				VALIDATE_PRODUCT = YES;
			};
			name = Release;
		};
		E3D7CF91273E1EB800CCC8F6 /* Debug */ = {
			isa = XCBuildConfiguration;
			buildSettings = {
				ASSETCATALOG_COMPILER_APPICON_NAME = AppIcon;
				ASSETCATALOG_COMPILER_GLOBAL_ACCENT_COLOR_NAME = AccentColor;
				CODE_SIGN_STYLE = Automatic;
				CURRENT_PROJECT_VERSION = 1;
				GENERATE_INFOPLIST_FILE = YES;
				INFOPLIST_FILE = GridAndListToogle/Info.plist;
				INFOPLIST_KEY_UIApplicationSupportsIndirectInputEvents = YES;
				INFOPLIST_KEY_UILaunchStoryboardName = LaunchScreen;
				INFOPLIST_KEY_UIMainStoryboardFile = Main;
				INFOPLIST_KEY_UISupportedInterfaceOrientations_iPad = "UIInterfaceOrientationPortrait UIInterfaceOrientationPortraitUpsideDown UIInterfaceOrientationLandscapeLeft UIInterfaceOrientationLandscapeRight";
				INFOPLIST_KEY_UISupportedInterfaceOrientations_iPhone = "UIInterfaceOrientationPortrait UIInterfaceOrientationLandscapeLeft UIInterfaceOrientationLandscapeRight";
				LD_RUNPATH_SEARCH_PATHS = (
					"$(inherited)",
					"@executable_path/Frameworks",
				);
				MARKETING_VERSION = 1.0;
				PRODUCT_BUNDLE_IDENTIFIER = com.ayub.GridAndListToogle;
				PRODUCT_NAME = "$(TARGET_NAME)";
				SWIFT_EMIT_LOC_STRINGS = YES;
				SWIFT_VERSION = 5.0;
				TARGETED_DEVICE_FAMILY = "1,2";
			};
			name = Debug;
		};
		E3D7CF92273E1EB800CCC8F6 /* Release */ = {
			isa = XCBuildConfiguration;
			buildSettings = {
				ASSETCATALOG_COMPILER_APPICON_NAME = AppIcon;
				ASSETCATALOG_COMPILER_GLOBAL_ACCENT_COLOR_NAME = AccentColor;
				CODE_SIGN_STYLE = Automatic;
				CURRENT_PROJECT_VERSION = 1;
				GENERATE_INFOPLIST_FILE = YES;
				INFOPLIST_FILE = GridAndListToogle/Info.plist;
				INFOPLIST_KEY_UIApplicationSupportsIndirectInputEvents = YES;
				INFOPLIST_KEY_UILaunchStoryboardName = LaunchScreen;
				INFOPLIST_KEY_UIMainStoryboardFile = Main;
				INFOPLIST_KEY_UISupportedInterfaceOrientations_iPad = "UIInterfaceOrientationPortrait UIInterfaceOrientationPortraitUpsideDown UIInterfaceOrientationLandscapeLeft UIInterfaceOrientationLandscapeRight";
				INFOPLIST_KEY_UISupportedInterfaceOrientations_iPhone = "UIInterfaceOrientationPortrait UIInterfaceOrientationLandscapeLeft UIInterfaceOrientationLandscapeRight";
				LD_RUNPATH_SEARCH_PATHS = (
					"$(inherited)",
					"@executable_path/Frameworks",
				);
				MARKETING_VERSION = 1.0;
				PRODUCT_BUNDLE_IDENTIFIER = com.ayub.GridAndListToogle;
				PRODUCT_NAME = "$(TARGET_NAME)";
				SWIFT_EMIT_LOC_STRINGS = YES;
				SWIFT_VERSION = 5.0;
				TARGETED_DEVICE_FAMILY = "1,2";
			};
			name = Release;
		};
		E3D7CF94273E1EB800CCC8F6 /* Debug */ = {
			isa = XCBuildConfiguration;
			buildSettings = {
				ALWAYS_EMBED_SWIFT_STANDARD_LIBRARIES = YES;
				BUNDLE_LOADER = "$(TEST_HOST)";
				CODE_SIGN_STYLE = Automatic;
				CURRENT_PROJECT_VERSION = 1;
				GENERATE_INFOPLIST_FILE = YES;
				IPHONEOS_DEPLOYMENT_TARGET = 15.0;
				LD_RUNPATH_SEARCH_PATHS = (
					"$(inherited)",
					"@executable_path/Frameworks",
					"@loader_path/Frameworks",
				);
				MARKETING_VERSION = 1.0;
				PRODUCT_BUNDLE_IDENTIFIER = com.ayub.GridAndListToogleTests;
				PRODUCT_NAME = "$(TARGET_NAME)";
				SWIFT_EMIT_LOC_STRINGS = NO;
				SWIFT_VERSION = 5.0;
				TARGETED_DEVICE_FAMILY = "1,2";
				TEST_HOST = "$(BUILT_PRODUCTS_DIR)/GridAndListToogle.app/GridAndListToogle";
			};
			name = Debug;
		};
		E3D7CF95273E1EB800CCC8F6 /* Release */ = {
			isa = XCBuildConfiguration;
			buildSettings = {
				ALWAYS_EMBED_SWIFT_STANDARD_LIBRARIES = YES;
				BUNDLE_LOADER = "$(TEST_HOST)";
				CODE_SIGN_STYLE = Automatic;
				CURRENT_PROJECT_VERSION = 1;
				GENERATE_INFOPLIST_FILE = YES;
				IPHONEOS_DEPLOYMENT_TARGET = 15.0;
				LD_RUNPATH_SEARCH_PATHS = (
					"$(inherited)",
					"@executable_path/Frameworks",
					"@loader_path/Frameworks",
				);
				MARKETING_VERSION = 1.0;
				PRODUCT_BUNDLE_IDENTIFIER = com.ayub.GridAndListToogleTests;
				PRODUCT_NAME = "$(TARGET_NAME)";
				SWIFT_EMIT_LOC_STRINGS = NO;
				SWIFT_VERSION = 5.0;
				TARGETED_DEVICE_FAMILY = "1,2";
				TEST_HOST = "$(BUILT_PRODUCTS_DIR)/GridAndListToogle.app/GridAndListToogle";
			};
			name = Release;
		};
		E3D7CF97273E1EB800CCC8F6 /* Debug */ = {
			isa = XCBuildConfiguration;
			buildSettings = {
				ALWAYS_EMBED_SWIFT_STANDARD_LIBRARIES = YES;
				CODE_SIGN_STYLE = Automatic;
				CURRENT_PROJECT_VERSION = 1;
				GENERATE_INFOPLIST_FILE = YES;
				LD_RUNPATH_SEARCH_PATHS = (
					"$(inherited)",
					"@executable_path/Frameworks",
					"@loader_path/Frameworks",
				);
				MARKETING_VERSION = 1.0;
				PRODUCT_BUNDLE_IDENTIFIER = com.ayub.GridAndListToogleUITests;
				PRODUCT_NAME = "$(TARGET_NAME)";
				SWIFT_EMIT_LOC_STRINGS = NO;
				SWIFT_VERSION = 5.0;
				TARGETED_DEVICE_FAMILY = "1,2";
				TEST_TARGET_NAME = GridAndListToogle;
			};
			name = Debug;
		};
		E3D7CF98273E1EB800CCC8F6 /* Release */ = {
			isa = XCBuildConfiguration;
			buildSettings = {
				ALWAYS_EMBED_SWIFT_STANDARD_LIBRARIES = YES;
				CODE_SIGN_STYLE = Automatic;
				CURRENT_PROJECT_VERSION = 1;
				GENERATE_INFOPLIST_FILE = YES;
				LD_RUNPATH_SEARCH_PATHS = (
					"$(inherited)",
					"@executable_path/Frameworks",
					"@loader_path/Frameworks",
				);
				MARKETING_VERSION = 1.0;
				PRODUCT_BUNDLE_IDENTIFIER = com.ayub.GridAndListToogleUITests;
				PRODUCT_NAME = "$(TARGET_NAME)";
				SWIFT_EMIT_LOC_STRINGS = NO;
				SWIFT_VERSION = 5.0;
				TARGETED_DEVICE_FAMILY = "1,2";
				TEST_TARGET_NAME = GridAndListToogle;
			};
			name = Release;
		};
/* End XCBuildConfiguration section */

/* Begin XCConfigurationList section */
		E3D7CF61273E1EB600CCC8F6 /* Build configuration list for PBXProject "GridAndListToogle" */ = {
			isa = XCConfigurationList;
			buildConfigurations = (
				E3D7CF8E273E1EB800CCC8F6 /* Debug */,
				E3D7CF8F273E1EB800CCC8F6 /* Release */,
			);
			defaultConfigurationIsVisible = 0;
			defaultConfigurationName = Release;
		};
		E3D7CF90273E1EB800CCC8F6 /* Build configuration list for PBXNativeTarget "GridAndListToogle" */ = {
			isa = XCConfigurationList;
			buildConfigurations = (
				E3D7CF91273E1EB800CCC8F6 /* Debug */,
				E3D7CF92273E1EB800CCC8F6 /* Release */,
			);
			defaultConfigurationIsVisible = 0;
			defaultConfigurationName = Release;
		};
		E3D7CF93273E1EB800CCC8F6 /* Build configuration list for PBXNativeTarget "GridAndListToogleTests" */ = {
			isa = XCConfigurationList;
			buildConfigurations = (
				E3D7CF94273E1EB800CCC8F6 /* Debug */,
				E3D7CF95273E1EB800CCC8F6 /* Release */,
			);
			defaultConfigurationIsVisible = 0;
			defaultConfigurationName = Release;
		};
		E3D7CF96273E1EB800CCC8F6 /* Build configuration list for PBXNativeTarget "GridAndListToogleUITests" */ = {
			isa = XCConfigurationList;
			buildConfigurations = (
				E3D7CF97273E1EB800CCC8F6 /* Debug */,
				E3D7CF98273E1EB800CCC8F6 /* Release */,
			);
			defaultConfigurationIsVisible = 0;
			defaultConfigurationName = Release;
		};
/* End XCConfigurationList section */
	};
	rootObject = E3D7CF5E273E1EB600CCC8F6 /* Project object */;
}
